// !$*UTF8*$!
{
	archiveVersion = 1;
	classes = {
	};
	objectVersion = 46;
	objects = {

/* Begin PBXBuildFile section */
		948B71291A565F1700D5E5ED /* main.m in Sources */ = {isa = PBXBuildFile; fileRef = 948B71281A565F1700D5E5ED /* main.m */; };
		948B712C1A565F1700D5E5ED /* AppDelegate.m in Sources */ = {isa = PBXBuildFile; fileRef = 948B712B1A565F1700D5E5ED /* AppDelegate.m */; };
		948B712F1A565F1700D5E5ED /* Schedule_Caller.xcdatamodeld in Sources */ = {isa = PBXBuildFile; fileRef = 948B712D1A565F1700D5E5ED /* Schedule_Caller.xcdatamodeld */; };
		948B71321A565F1700D5E5ED /* AddressBookViewController.m in Sources */ = {isa = PBXBuildFile; fileRef = 948B71311A565F1700D5E5ED /* AddressBookViewController.m */; };
		948B71351A565F1700D5E5ED /* AddressBook.storyboard in Resources */ = {isa = PBXBuildFile; fileRef = 948B71331A565F1700D5E5ED /* AddressBook.storyboard */; };
		948B71371A565F1700D5E5ED /* Images.xcassets in Resources */ = {isa = PBXBuildFile; fileRef = 948B71361A565F1700D5E5ED /* Images.xcassets */; };
		948B713A1A565F1700D5E5ED /* LaunchScreen.xib in Resources */ = {isa = PBXBuildFile; fileRef = 948B71381A565F1700D5E5ED /* LaunchScreen.xib */; };
		948B71461A565F1700D5E5ED /* Schedule_CallerTests.m in Sources */ = {isa = PBXBuildFile; fileRef = 948B71451A565F1700D5E5ED /* Schedule_CallerTests.m */; };
/* End PBXBuildFile section */

/* Begin PBXContainerItemProxy section */
		948B71401A565F1700D5E5ED /* PBXContainerItemProxy */ = {
			isa = PBXContainerItemProxy;
			containerPortal = 948B711B1A565F1700D5E5ED /* Project object */;
			proxyType = 1;
			remoteGlobalIDString = 948B71221A565F1700D5E5ED;
			remoteInfo = "Schedule Caller";
		};
/* End PBXContainerItemProxy section */

/* Begin PBXFileReference section */
		948B71231A565F1700D5E5ED /* Schedule Caller.app */ = {isa = PBXFileReference; explicitFileType = wrapper.application; includeInIndex = 0; path = "Schedule Caller.app"; sourceTree = BUILT_PRODUCTS_DIR; };
		948B71271A565F1700D5E5ED /* Info.plist */ = {isa = PBXFileReference; lastKnownFileType = text.plist.xml; path = Info.plist; sourceTree = "<group>"; };
		948B71281A565F1700D5E5ED /* main.m */ = {isa = PBXFileReference; lastKnownFileType = sourcecode.c.objc; path = main.m; sourceTree = "<group>"; };
		948B712A1A565F1700D5E5ED /* AppDelegate.h */ = {isa = PBXFileReference; lastKnownFileType = sourcecode.c.h; path = AppDelegate.h; sourceTree = "<group>"; };
		948B712B1A565F1700D5E5ED /* AppDelegate.m */ = {isa = PBXFileReference; lastKnownFileType = sourcecode.c.objc; path = AppDelegate.m; sourceTree = "<group>"; };
		948B712E1A565F1700D5E5ED /* Schedule_Caller.xcdatamodel */ = {isa = PBXFileReference; lastKnownFileType = wrapper.xcdatamodel; path = Schedule_Caller.xcdatamodel; sourceTree = "<group>"; };
		948B71301A565F1700D5E5ED /* AddressBookViewController.h */ = {isa = PBXFileReference; lastKnownFileType = sourcecode.c.h; path = AddressBookViewController.h; sourceTree = "<group>"; };
		948B71311A565F1700D5E5ED /* AddressBookViewController.m */ = {isa = PBXFileReference; lastKnownFileType = sourcecode.c.objc; path = AddressBookViewController.m; sourceTree = "<group>"; };
		948B71341A565F1700D5E5ED /* Base */ = {isa = PBXFileReference; lastKnownFileType = file.storyboard; name = Base; path = Base.lproj/AddressBook.storyboard; sourceTree = "<group>"; };
		948B71361A565F1700D5E5ED /* Images.xcassets */ = {isa = PBXFileReference; lastKnownFileType = folder.assetcatalog; path = Images.xcassets; sourceTree = "<group>"; };
		948B71391A565F1700D5E5ED /* Base */ = {isa = PBXFileReference; lastKnownFileType = file.xib; name = Base; path = Base.lproj/LaunchScreen.xib; sourceTree = "<group>"; };
		948B713F1A565F1700D5E5ED /* Schedule CallerTests.xctest */ = {isa = PBXFileReference; explicitFileType = wrapper.cfbundle; includeInIndex = 0; path = "Schedule CallerTests.xctest"; sourceTree = BUILT_PRODUCTS_DIR; };
		948B71441A565F1700D5E5ED /* Info.plist */ = {isa = PBXFileReference; lastKnownFileType = text.plist.xml; path = Info.plist; sourceTree = "<group>"; };
		948B71451A565F1700D5E5ED /* Schedule_CallerTests.m */ = {isa = PBXFileReference; lastKnownFileType = sourcecode.c.objc; path = Schedule_CallerTests.m; sourceTree = "<group>"; };
/* End PBXFileReference section */

/* Begin PBXFrameworksBuildPhase section */
		948B71201A565F1700D5E5ED /* Frameworks */ = {
			isa = PBXFrameworksBuildPhase;
			buildActionMask = 2147483647;
			files = (
			);
			runOnlyForDeploymentPostprocessing = 0;
		};
		948B713C1A565F1700D5E5ED /* Frameworks */ = {
			isa = PBXFrameworksBuildPhase;
			buildActionMask = 2147483647;
			files = (
			);
			runOnlyForDeploymentPostprocessing = 0;
		};
/* End PBXFrameworksBuildPhase section */

/* Begin PBXGroup section */
		948B711A1A565F1700D5E5ED = {
			isa = PBXGroup;
			children = (
				948B71251A565F1700D5E5ED /* Schedule Caller */,
				948B71421A565F1700D5E5ED /* Schedule CallerTests */,
				948B71241A565F1700D5E5ED /* Products */,
			);
			sourceTree = "<group>";
		};
		948B71241A565F1700D5E5ED /* Products */ = {
			isa = PBXGroup;
			children = (
				948B71231A565F1700D5E5ED /* Schedule Caller.app */,
				948B713F1A565F1700D5E5ED /* Schedule CallerTests.xctest */,
			);
			name = Products;
			sourceTree = "<group>";
		};
		948B71251A565F1700D5E5ED /* Schedule Caller */ = {
			isa = PBXGroup;
			children = (
				94B632981A567EF800CF26F9 /* App Delegate */,
				94B632971A567EE400CF26F9 /* Address Book */,
				948B71361A565F1700D5E5ED /* Images.xcassets */,
				948B71381A565F1700D5E5ED /* LaunchScreen.xib */,
				948B712D1A565F1700D5E5ED /* Schedule_Caller.xcdatamodeld */,
				948B71261A565F1700D5E5ED /* Supporting Files */,
			);
			path = "Schedule Caller";
			sourceTree = "<group>";
		};
		948B71261A565F1700D5E5ED /* Supporting Files */ = {
			isa = PBXGroup;
			children = (
				948B71271A565F1700D5E5ED /* Info.plist */,
				948B71281A565F1700D5E5ED /* main.m */,
			);
			name = "Supporting Files";
			sourceTree = "<group>";
		};
		948B71421A565F1700D5E5ED /* Schedule CallerTests */ = {
			isa = PBXGroup;
			children = (
				948B71451A565F1700D5E5ED /* Schedule_CallerTests.m */,
				948B71431A565F1700D5E5ED /* Supporting Files */,
			);
			path = "Schedule CallerTests";
			sourceTree = "<group>";
		};
		948B71431A565F1700D5E5ED /* Supporting Files */ = {
			isa = PBXGroup;
			children = (
				948B71441A565F1700D5E5ED /* Info.plist */,
			);
			name = "Supporting Files";
			sourceTree = "<group>";
		};
		94B632971A567EE400CF26F9 /* Address Book */ = {
			isa = PBXGroup;
			children = (
				948B71331A565F1700D5E5ED /* AddressBook.storyboard */,
				948B71301A565F1700D5E5ED /* AddressBookViewController.h */,
				948B71311A565F1700D5E5ED /* AddressBookViewController.m */,
			);
			name = "Address Book";
			sourceTree = "<group>";
		};
		94B632981A567EF800CF26F9 /* App Delegate */ = {
			isa = PBXGroup;
			children = (
				948B712A1A565F1700D5E5ED /* AppDelegate.h */,
				948B712B1A565F1700D5E5ED /* AppDelegate.m */,
			);
			name = "App Delegate";
			sourceTree = "<group>";
		};
/* End PBXGroup section */

/* Begin PBXNativeTarget section */
		948B71221A565F1700D5E5ED /* Schedule Caller */ = {
			isa = PBXNativeTarget;
			buildConfigurationList = 948B71491A565F1700D5E5ED /* Build configuration list for PBXNativeTarget "Schedule Caller" */;
			buildPhases = (
				948B711F1A565F1700D5E5ED /* Sources */,
				948B71201A565F1700D5E5ED /* Frameworks */,
				948B71211A565F1700D5E5ED /* Resources */,
			);
			buildRules = (
			);
			dependencies = (
			);
			name = "Schedule Caller";
			productName = "Schedule Caller";
			productReference = 948B71231A565F1700D5E5ED /* Schedule Caller.app */;
			productType = "com.apple.product-type.application";
		};
		948B713E1A565F1700D5E5ED /* Schedule CallerTests */ = {
			isa = PBXNativeTarget;
			buildConfigurationList = 948B714C1A565F1700D5E5ED /* Build configuration list for PBXNativeTarget "Schedule CallerTests" */;
			buildPhases = (
				948B713B1A565F1700D5E5ED /* Sources */,
				948B713C1A565F1700D5E5ED /* Frameworks */,
				948B713D1A565F1700D5E5ED /* Resources */,
			);
			buildRules = (
			);
			dependencies = (
				948B71411A565F1700D5E5ED /* PBXTargetDependency */,
			);
			name = "Schedule CallerTests";
			productName = "Schedule CallerTests";
			productReference = 948B713F1A565F1700D5E5ED /* Schedule CallerTests.xctest */;
			productType = "com.apple.product-type.bundle.unit-test";
		};
/* End PBXNativeTarget section */

/* Begin PBXProject section */
		948B711B1A565F1700D5E5ED /* Project object */ = {
			isa = PBXProject;
			attributes = {
				LastUpgradeCheck = 0610;
				ORGANIZATIONNAME = "Ryan McManus";
				TargetAttributes = {
					948B71221A565F1700D5E5ED = {
						CreatedOnToolsVersion = 6.1.1;
						DevelopmentTeam = TRL34EDRYZ;
					};
					948B713E1A565F1700D5E5ED = {
						CreatedOnToolsVersion = 6.1.1;
						TestTargetID = 948B71221A565F1700D5E5ED;
					};
				};
			};
			buildConfigurationList = 948B711E1A565F1700D5E5ED /* Build configuration list for PBXProject "Schedule Caller" */;
			compatibilityVersion = "Xcode 3.2";
			developmentRegion = English;
			hasScannedForEncodings = 0;
			knownRegions = (
				en,
				Base,
			);
			mainGroup = 948B711A1A565F1700D5E5ED;
			productRefGroup = 948B71241A565F1700D5E5ED /* Products */;
			projectDirPath = "";
			projectRoot = "";
			targets = (
				948B71221A565F1700D5E5ED /* Schedule Caller */,
				948B713E1A565F1700D5E5ED /* Schedule CallerTests */,
			);
		};
/* End PBXProject section */

/* Begin PBXResourcesBuildPhase section */
		948B71211A565F1700D5E5ED /* Resources */ = {
			isa = PBXResourcesBuildPhase;
			buildActionMask = 2147483647;
			files = (
				948B71351A565F1700D5E5ED /* AddressBook.storyboard in Resources */,
				948B713A1A565F1700D5E5ED /* LaunchScreen.xib in Resources */,
				948B71371A565F1700D5E5ED /* Images.xcassets in Resources */,
			);
			runOnlyForDeploymentPostprocessing = 0;
		};
		948B713D1A565F1700D5E5ED /* Resources */ = {
			isa = PBXResourcesBuildPhase;
			buildActionMask = 2147483647;
			files = (
			);
			runOnlyForDeploymentPostprocessing = 0;
		};
/* End PBXResourcesBuildPhase section */

/* Begin PBXSourcesBuildPhase section */
		948B711F1A565F1700D5E5ED /* Sources */ = {
			isa = PBXSourcesBuildPhase;
			buildActionMask = 2147483647;
			files = (
				948B712C1A565F1700D5E5ED /* AppDelegate.m in Sources */,
				948B71291A565F1700D5E5ED /* main.m in Sources */,
				948B71321A565F1700D5E5ED /* AddressBookViewController.m in Sources */,
				948B712F1A565F1700D5E5ED /* Schedule_Caller.xcdatamodeld in Sources */,
			);
			runOnlyForDeploymentPostprocessing = 0;
		};
		948B713B1A565F1700D5E5ED /* Sources */ = {
			isa = PBXSourcesBuildPhase;
			buildActionMask = 2147483647;
			files = (
				948B71461A565F1700D5E5ED /* Schedule_CallerTests.m in Sources */,
			);
			runOnlyForDeploymentPostprocessing = 0;
		};
/* End PBXSourcesBuildPhase section */

/* Begin PBXTargetDependency section */
		948B71411A565F1700D5E5ED /* PBXTargetDependency */ = {
			isa = PBXTargetDependency;
			target = 948B71221A565F1700D5E5ED /* Schedule Caller */;
			targetProxy = 948B71401A565F1700D5E5ED /* PBXContainerItemProxy */;
		};
/* End PBXTargetDependency section */

/* Begin PBXVariantGroup section */
		948B71331A565F1700D5E5ED /* AddressBook.storyboard */ = {
			isa = PBXVariantGroup;
			children = (
				948B71341A565F1700D5E5ED /* Base */,
			);
			name = AddressBook.storyboard;
			sourceTree = "<group>";
		};
		948B71381A565F1700D5E5ED /* LaunchScreen.xib */ = {
			isa = PBXVariantGroup;
			children = (
				948B71391A565F1700D5E5ED /* Base */,
			);
			name = LaunchScreen.xib;
			sourceTree = "<group>";
		};
/* End PBXVariantGroup section */

/* Begin XCBuildConfiguration section */
		948B71471A565F1700D5E5ED /* Debug */ = {
			isa = XCBuildConfiguration;
			buildSettings = {
				ALWAYS_SEARCH_USER_PATHS = NO;
				CLANG_CXX_LANGUAGE_STANDARD = "gnu++0x";
				CLANG_CXX_LIBRARY = "libc++";
				CLANG_ENABLE_MODULES = YES;
				CLANG_ENABLE_OBJC_ARC = YES;
				CLANG_WARN_BOOL_CONVERSION = YES;
				CLANG_WARN_CONSTANT_CONVERSION = YES;
				CLANG_WARN_DIRECT_OBJC_ISA_USAGE = YES_ERROR;
				CLANG_WARN_EMPTY_BODY = YES;
				CLANG_WARN_ENUM_CONVERSION = YES;
				CLANG_WARN_INT_CONVERSION = YES;
				CLANG_WARN_OBJC_ROOT_CLASS = YES_ERROR;
				CLANG_WARN_UNREACHABLE_CODE = YES;
				CLANG_WARN__DUPLICATE_METHOD_MATCH = YES;
				CODE_SIGN_IDENTITY = "iPhone Developer";
				"CODE_SIGN_IDENTITY[sdk=iphoneos*]" = "iPhone Developer";
				COPY_PHASE_STRIP = NO;
				ENABLE_STRICT_OBJC_MSGSEND = YES;
				GCC_C_LANGUAGE_STANDARD = gnu99;
				GCC_DYNAMIC_NO_PIC = NO;
				GCC_OPTIMIZATION_LEVEL = 0;
				GCC_PREPROCESSOR_DEFINITIONS = (
					"DEBUG=1",
					"$(inherited)",
				);
				GCC_SYMBOLS_PRIVATE_EXTERN = NO;
				GCC_WARN_64_TO_32_BIT_CONVERSION = YES;
				GCC_WARN_ABOUT_RETURN_TYPE = YES_ERROR;
				GCC_WARN_UNDECLARED_SELECTOR = YES;
				GCC_WARN_UNINITIALIZED_AUTOS = YES_AGGRESSIVE;
				GCC_WARN_UNUSED_FUNCTION = YES;
				GCC_WARN_UNUSED_VARIABLE = YES;
				IPHONEOS_DEPLOYMENT_TARGET = 8.1;
				MTL_ENABLE_DEBUG_INFO = YES;
				ONLY_ACTIVE_ARCH = YES;
				PROVISIONING_PROFILE = "";
				SDKROOT = iphoneos;
				TARGETED_DEVICE_FAMILY = "1,2";
			};
			name = Debug;
		};
		948B71481A565F1700D5E5ED /* Release */ = {
			isa = XCBuildConfiguration;
			buildSettings = {
				ALWAYS_SEARCH_USER_PATHS = NO;
				CLANG_CXX_LANGUAGE_STANDARD = "gnu++0x";
				CLANG_CXX_LIBRARY = "libc++";
				CLANG_ENABLE_MODULES = YES;
				CLANG_ENABLE_OBJC_ARC = YES;
				CLANG_WARN_BOOL_CONVERSION = YES;
				CLANG_WARN_CONSTANT_CONVERSION = YES;
				CLANG_WARN_DIRECT_OBJC_ISA_USAGE = YES_ERROR;
				CLANG_WARN_EMPTY_BODY = YES;
				CLANG_WARN_ENUM_CONVERSION = YES;
				CLANG_WARN_INT_CONVERSION = YES;
				CLANG_WARN_OBJC_ROOT_CLASS = YES_ERROR;
				CLANG_WARN_UNREACHABLE_CODE = YES;
				CLANG_WARN__DUPLICATE_METHOD_MATCH = YES;
				CODE_SIGN_IDENTITY = "iPhone Developer";
				"CODE_SIGN_IDENTITY[sdk=iphoneos*]" = "iPhone Developer";
				COPY_PHASE_STRIP = YES;
				ENABLE_NS_ASSERTIONS = NO;
				ENABLE_STRICT_OBJC_MSGSEND = YES;
				GCC_C_LANGUAGE_STANDARD = gnu99;
				GCC_WARN_64_TO_32_BIT_CONVERSION = YES;
				GCC_WARN_ABOUT_RETURN_TYPE = YES_ERROR;
				GCC_WARN_UNDECLARED_SELECTOR = YES;
				GCC_WARN_UNINITIALIZED_AUTOS = YES_AGGRESSIVE;
				GCC_WARN_UNUSED_FUNCTION = YES;
				GCC_WARN_UNUSED_VARIABLE = YES;
				IPHONEOS_DEPLOYMENT_TARGET = 8.1;
				MTL_ENABLE_DEBUG_INFO = NO;
				PROVISIONING_PROFILE = "";
				SDKROOT = iphoneos;
				TARGETED_DEVICE_FAMILY = "1,2";
				VALIDATE_PRODUCT = YES;
			};
			name = Release;
		};
		948B714A1A565F1700D5E5ED /* Debug */ = {
			isa = XCBuildConfiguration;
			buildSettings = {
				ASSETCATALOG_COMPILER_APPICON_NAME = AppIcon;
				CODE_SIGN_IDENTITY = "iPhone Developer";
				INFOPLIST_FILE = "Schedule Caller/Info.plist";
				LD_RUNPATH_SEARCH_PATHS = "$(inherited) @executable_path/Frameworks";
				PRODUCT_NAME = "$(TARGET_NAME)";
				PROVISIONING_PROFILE = "";
				TARGETED_DEVICE_FAMILY = "1,2";
			};
			name = Debug;
		};
		948B714B1A565F1700D5E5ED /* Release */ = {
			isa = XCBuildConfiguration;
			buildSettings = {
				ASSETCATALOG_COMPILER_APPICON_NAME = AppIcon;
				CODE_SIGN_IDENTITY = "iPhone Developer";
				INFOPLIST_FILE = "Schedule Caller/Info.plist";
				LD_RUNPATH_SEARCH_PATHS = "$(inherited) @executable_path/Frameworks";
				PRODUCT_NAME = "$(TARGET_NAME)";
				PROVISIONING_PROFILE = "";
				TARGETED_DEVICE_FAMILY = "1,2";
			};
			name = Release;
		};
		948B714D1A565F1700D5E5ED /* Debug */ = {
			isa = XCBuildConfiguration;
			buildSettings = {
				BUNDLE_LOADER = "$(TEST_HOST)";
				FRAMEWORK_SEARCH_PATHS = (
					"$(SDKROOT)/Developer/Library/Frameworks",
					"$(inherited)",
				);
				GCC_PREPROCESSOR_DEFINITIONS = (
					"DEBUG=1",
					"$(inherited)",
				);
				INFOPLIST_FILE = "Schedule CallerTests/Info.plist";
				LD_RUNPATH_SEARCH_PATHS = "$(inherited) @executable_path/Frameworks @loader_path/Frameworks";
				PRODUCT_NAME = "$(TARGET_NAME)";
				TEST_HOST = "$(BUILT_PRODUCTS_DIR)/Schedule Caller.app/Schedule Caller";
			};
			name = Debug;
		};
		948B714E1A565F1700D5E5ED /* Release */ = {
			isa = XCBuildConfiguration;
			buildSettings = {
				BUNDLE_LOADER = "$(TEST_HOST)";
				FRAMEWORK_SEARCH_PATHS = (
					"$(SDKROOT)/Developer/Library/Frameworks",
					"$(inherited)",
				);
				INFOPLIST_FILE = "Schedule CallerTests/Info.plist";
				LD_RUNPATH_SEARCH_PATHS = "$(inherited) @executable_path/Frameworks @loader_path/Frameworks";
				PRODUCT_NAME = "$(TARGET_NAME)";
				TEST_HOST = "$(BUILT_PRODUCTS_DIR)/Schedule Caller.app/Schedule Caller";
			};
			name = Release;
		};
/* End XCBuildConfiguration section */

/* Begin XCConfigurationList section */
		948B711E1A565F1700D5E5ED /* Build configuration list for PBXProject "Schedule Caller" */ = {
			isa = XCConfigurationList;
			buildConfigurations = (
				948B71471A565F1700D5E5ED /* Debug */,
				948B71481A565F1700D5E5ED /* Release */,
			);
			defaultConfigurationIsVisible = 0;
			defaultConfigurationName = Release;
		};
		948B71491A565F1700D5E5ED /* Build configuration list for PBXNativeTarget "Schedule Caller" */ = {
			isa = XCConfigurationList;
			buildConfigurations = (
				948B714A1A565F1700D5E5ED /* Debug */,
				948B714B1A565F1700D5E5ED /* Release */,
			);
			defaultConfigurationIsVisible = 0;
			defaultConfigurationName = Release;
		};
		948B714C1A565F1700D5E5ED /* Build configuration list for PBXNativeTarget "Schedule CallerTests" */ = {
			isa = XCConfigurationList;
			buildConfigurations = (
				948B714D1A565F1700D5E5ED /* Debug */,
				948B714E1A565F1700D5E5ED /* Release */,
			);
			defaultConfigurationIsVisible = 0;
			defaultConfigurationName = Release;
		};
/* End XCConfigurationList section */

/* Begin XCVersionGroup section */
		948B712D1A565F1700D5E5ED /* Schedule_Caller.xcdatamodeld */ = {
			isa = XCVersionGroup;
			children = (
				948B712E1A565F1700D5E5ED /* Schedule_Caller.xcdatamodel */,
			);
			currentVersion = 948B712E1A565F1700D5E5ED /* Schedule_Caller.xcdatamodel */;
			path = Schedule_Caller.xcdatamodeld;
			sourceTree = "<group>";
			versionGroupType = wrapper.xcdatamodel;
		};
/* End XCVersionGroup section */
	};
	rootObject = 948B711B1A565F1700D5E5ED /* Project object */;
}
